
Microsoft Visual Studio Solution File, Format Version 12.00
# Visual Studio Version 17
VisualStudioVersion = 17.11.35208.52
MinimumVisualStudioVersion = 10.0.40219.1
Project("{8BC9CEB8-8B4A-11D0-8D11-00A0C91BC942}") = "AddHex", "AddHex.vcxproj", "{CBAC4F48-073A-45DC-B1CE-F6F95B00AACE}"
EndProject
Global
	GlobalSection(SolutionConfigurationPlatforms) = preSolution
		Debug|x64 = Debug|x64
		Debug|x86 = Debug|x86
		Release|x64 = Release|x64
		Release|x86 = Release|x86
	EndGlobalSection
	GlobalSection(ProjectConfigurationPlatforms) = postSolution
		{CBAC4F48-073A-45DC-B1CE-F6F95B00AACE}.Debug|x64.ActiveCfg = Debug|x64
		{CBAC4F48-073A-45DC-B1CE-F6F95B00AACE}.Debug|x64.Build.0 = Debug|x64
		{CBAC4F48-073A-45DC-B1CE-F6F95B00AACE}.Debug|x86.ActiveCfg = Debug|Win32
		{CBAC4F48-073A-45DC-B1CE-F6F95B00AACE}.Debug|x86.Build.0 = Debug|Win32
		{CBAC4F48-073A-45DC-B1CE-F6F95B00AACE}.Release|x64.ActiveCfg = Release|x64
		{CBAC4F48-073A-45DC-B1CE-F6F95B00AACE}.Release|x64.Build.0 = Release|x64
		{CBAC4F48-073A-45DC-B1CE-F6F95B00AACE}.Release|x86.ActiveCfg = Release|Win32
		{CBAC4F48-073A-45DC-B1CE-F6F95B00AACE}.Release|x86.Build.0 = Release|Win32
	EndGlobalSection
	GlobalSection(SolutionProperties) = preSolution
		HideSolutionNode = FALSE
	EndGlobalSection
	GlobalSection(ExtensibilityGlobals) = postSolution
		SolutionGuid = {9D0BAC43-EBEF-4E1B-BCEA-C3B87759B21B}
	EndGlobalSection
EndGlobal
